<Solution>
  <Folder Name="/samples/">
    <Project Path="samples/FFF.Net.Playground/FFF.Net.Playground.csproj" />
  </Folder>
  <Folder Name="/src/">
    <Project Path="src/FFF.Net/FFF.Net.csproj" />
  </Folder>
  <Folder Name="/tests/">
    <Project Path="tests/FFF.Net.Tests/FFF.Net.Tests.csproj" />
  </Folder>
</Solution>
